
Microsoft Visual Studio Solution File, Format Version 12.00
# Visual Studio Version 17
VisualStudioVersion = 17.0.32002.185
MinimumVisualStudioVersion = 10.0.40219.1
Project("{FAE04EC0-301F-11D3-BF4B-00C04F79EFBC}") = "WebapiDevops", "WebapiDevops.csproj", "{F42D9E44-9F07-4448-B146-7C307BA93F0F}"
EndProject
Global
	GlobalSection(SolutionConfigurationPlatforms) = preSolution
		Debug|Any CPU = Debug|Any CPU
		Release|Any CPU = Release|Any CPU
	EndGlobalSection
	GlobalSection(ProjectConfigurationPlatforms) = postSolution
		{F42D9E44-9F07-4448-B146-7C307BA93F0F}.Debug|Any CPU.ActiveCfg = Debug|Any CPU
		{F42D9E44-9F07-4448-B146-7C307BA93F0F}.Debug|Any CPU.Build.0 = Debug|Any CPU
		{F42D9E44-9F07-4448-B146-7C307BA93F0F}.Release|Any CPU.ActiveCfg = Release|Any CPU
		{F42D9E44-9F07-4448-B146-7C307BA93F0F}.Release|Any CPU.Build.0 = Release|Any CPU
	EndGlobalSection
	GlobalSection(SolutionProperties) = preSolution
		HideSolutionNode = FALSE
	EndGlobalSection
	GlobalSection(ExtensibilityGlobals) = postSolution
		SolutionGuid = {729F01EF-8FBC-45EE-8D37-E0729313B250}
	EndGlobalSection
EndGlobal
